Microsoft Visual Studio Solution File, Format Version 9.00
# Visual Studio 2005
Project("{8BC9CEB8-8B4A-11D0-8D11-00A0C91BC942}") = "irlog2rlog", "irlog2rlog.vcproj", "{F190D299-4970-4727-8CA0-70ABFEC3BAE1}"
EndProject
Project("{8BC9CEB8-8B4A-11D0-8D11-00A0C91BC942}") = "printirlog", "printirlog.vcproj", "{B05E4BC8-8A99-476E-82C0-CA653435D8B5}"
EndProject
Project("{8BC9CEB8-8B4A-11D0-8D11-00A0C91BC942}") = "printrlog", "printrlog.vcproj", "{702C12FC-FDB8-4C3A-BE67-FE7A814F4F76}"
EndProject
Project("{8BC9CEB8-8B4A-11D0-8D11-00A0C91BC942}") = "TraceInput", "TraceInput\TraceInput.vcproj", "{0DC0BF9A-8CA1-403A-93A7-AAF9C717213C}"
EndProject
Project("{8BC9CEB8-8B4A-11D0-8D11-00A0C91BC942}") = "minalignrlog", "minalignrlog.vcproj", "{5BB52061-18A7-4115-A19A-7F7195779E93}"
EndProject
Global
	GlobalSection(SolutionConfigurationPlatforms) = preSolution
		Debug|Win32 = Debug|Win32
		Release|Win32 = Release|Win32
	EndGlobalSection
	GlobalSection(ProjectConfigurationPlatforms) = postSolution
		{F190D299-4970-4727-8CA0-70ABFEC3BAE1}.Debug|Win32.ActiveCfg = Debug|Win32
		{F190D299-4970-4727-8CA0-70ABFEC3BAE1}.Debug|Win32.Build.0 = Debug|Win32
		{F190D299-4970-4727-8CA0-70ABFEC3BAE1}.Release|Win32.ActiveCfg = Release|Win32
		{F190D299-4970-4727-8CA0-70ABFEC3BAE1}.Release|Win32.Build.0 = Release|Win32
		{B05E4BC8-8A99-476E-82C0-CA653435D8B5}.Debug|Win32.ActiveCfg = Debug|Win32
		{B05E4BC8-8A99-476E-82C0-CA653435D8B5}.Debug|Win32.Build.0 = Debug|Win32
		{B05E4BC8-8A99-476E-82C0-CA653435D8B5}.Release|Win32.ActiveCfg = Release|Win32
		{B05E4BC8-8A99-476E-82C0-CA653435D8B5}.Release|Win32.Build.0 = Release|Win32
		{702C12FC-FDB8-4C3A-BE67-FE7A814F4F76}.Debug|Win32.ActiveCfg = Debug|Win32
		{702C12FC-FDB8-4C3A-BE67-FE7A814F4F76}.Debug|Win32.Build.0 = Debug|Win32
		{702C12FC-FDB8-4C3A-BE67-FE7A814F4F76}.Release|Win32.ActiveCfg = Release|Win32
		{702C12FC-FDB8-4C3A-BE67-FE7A814F4F76}.Release|Win32.Build.0 = Release|Win32
		{0DC0BF9A-8CA1-403A-93A7-AAF9C717213C}.Debug|Win32.ActiveCfg = Debug|Win32
		{0DC0BF9A-8CA1-403A-93A7-AAF9C717213C}.Debug|Win32.Build.0 = Debug|Win32
		{0DC0BF9A-8CA1-403A-93A7-AAF9C717213C}.Release|Win32.ActiveCfg = Release|Win32
		{0DC0BF9A-8CA1-403A-93A7-AAF9C717213C}.Release|Win32.Build.0 = Release|Win32
		{5BB52061-18A7-4115-A19A-7F7195779E93}.Debug|Win32.ActiveCfg = Debug|Win32
		{5BB52061-18A7-4115-A19A-7F7195779E93}.Debug|Win32.Build.0 = Debug|Win32
		{5BB52061-18A7-4115-A19A-7F7195779E93}.Release|Win32.ActiveCfg = Release|Win32
		{5BB52061-18A7-4115-A19A-7F7195779E93}.Release|Win32.Build.0 = Release|Win32
	EndGlobalSection
	GlobalSection(SolutionProperties) = preSolution
		HideSolutionNode = FALSE
	EndGlobalSection
EndGlobal
