Microsoft Visual Studio Solution File, Format Version 9.00
# Visual Studio 2005
Project("{8BC9CEB8-8B4A-11D0-8D11-00A0C91BC942}") = "cpi", "cpi.vcproj", "{1047DFCE-77C6-4D1D-A2B9-C6EC7EE30857}"
EndProject
Project("{8BC9CEB8-8B4A-11D0-8D11-00A0C91BC942}") = "cxxpi", "cxxpi.vcproj", "{55345B9F-F9B8-4A52-A5A9-5C3C9F61A76F}"
EndProject
Project("{6989167D-11E4-40FE-8C1A-2192A86A7E90}") = "fpi", "fpi.vfproj", "{E9928864-78B6-42A6-846D-7BF6791AD033}"
EndProject
Global
	GlobalSection(SolutionConfigurationPlatforms) = preSolution
		Debug|Win32 = Debug|Win32
		Debug|x64 = Debug|x64
		Release|Win32 = Release|Win32
		Release|x64 = Release|x64
	EndGlobalSection
	GlobalSection(ProjectConfigurationPlatforms) = postSolution
		{1047DFCE-77C6-4D1D-A2B9-C6EC7EE30857}.Debug|Win32.ActiveCfg = Debug|Win32
		{1047DFCE-77C6-4D1D-A2B9-C6EC7EE30857}.Debug|Win32.Build.0 = Debug|Win32
		{1047DFCE-77C6-4D1D-A2B9-C6EC7EE30857}.Debug|x64.ActiveCfg = Debug|x64
		{1047DFCE-77C6-4D1D-A2B9-C6EC7EE30857}.Debug|x64.Build.0 = Debug|x64
		{1047DFCE-77C6-4D1D-A2B9-C6EC7EE30857}.Release|Win32.ActiveCfg = Release|Win32
		{1047DFCE-77C6-4D1D-A2B9-C6EC7EE30857}.Release|Win32.Build.0 = Release|Win32
		{1047DFCE-77C6-4D1D-A2B9-C6EC7EE30857}.Release|x64.ActiveCfg = Release|x64
		{1047DFCE-77C6-4D1D-A2B9-C6EC7EE30857}.Release|x64.Build.0 = Release|x64
		{55345B9F-F9B8-4A52-A5A9-5C3C9F61A76F}.Debug|Win32.ActiveCfg = Debug|Win32
		{55345B9F-F9B8-4A52-A5A9-5C3C9F61A76F}.Debug|Win32.Build.0 = Debug|Win32
		{55345B9F-F9B8-4A52-A5A9-5C3C9F61A76F}.Debug|x64.ActiveCfg = Debug|x64
		{55345B9F-F9B8-4A52-A5A9-5C3C9F61A76F}.Debug|x64.Build.0 = Debug|x64
		{55345B9F-F9B8-4A52-A5A9-5C3C9F61A76F}.Release|Win32.ActiveCfg = Release|Win32
		{55345B9F-F9B8-4A52-A5A9-5C3C9F61A76F}.Release|Win32.Build.0 = Release|Win32
		{55345B9F-F9B8-4A52-A5A9-5C3C9F61A76F}.Release|x64.ActiveCfg = Release|x64
		{55345B9F-F9B8-4A52-A5A9-5C3C9F61A76F}.Release|x64.Build.0 = Release|x64
		{E9928864-78B6-42A6-846D-7BF6791AD033}.Debug|Win32.ActiveCfg = Debug|Win32
		{E9928864-78B6-42A6-846D-7BF6791AD033}.Debug|Win32.Build.0 = Debug|Win32
		{E9928864-78B6-42A6-846D-7BF6791AD033}.Debug|x64.ActiveCfg = Debug|x64
		{E9928864-78B6-42A6-846D-7BF6791AD033}.Debug|x64.Build.0 = Debug|x64
		{E9928864-78B6-42A6-846D-7BF6791AD033}.Release|Win32.ActiveCfg = Release|Win32
		{E9928864-78B6-42A6-846D-7BF6791AD033}.Release|Win32.Build.0 = Release|Win32
		{E9928864-78B6-42A6-846D-7BF6791AD033}.Release|x64.ActiveCfg = Release|x64
		{E9928864-78B6-42A6-846D-7BF6791AD033}.Release|x64.Build.0 = Release|x64
	EndGlobalSection
	GlobalSection(SolutionProperties) = preSolution
		HideSolutionNode = FALSE
	EndGlobalSection
EndGlobal
